
Microsoft Visual Studio Solution File, Format Version 12.00
# Visual Studio Version 17
VisualStudioVersion = 17.4.33213.308
MinimumVisualStudioVersion = 10.0.40219.1
Project("{FAE04EC0-301F-11D3-BF4B-00C04F79EFBC}") = "Banco", "Banco\Banco.csproj", "{97234368-73EC-45F5-9575-B805FFD49CE5}"
EndProject
Global
	GlobalSection(SolutionConfigurationPlatforms) = preSolution
		Debug|Any CPU = Debug|Any CPU
		Release|Any CPU = Release|Any CPU
	EndGlobalSection
	GlobalSection(ProjectConfigurationPlatforms) = postSolution
		{97234368-73EC-45F5-9575-B805FFD49CE5}.Debug|Any CPU.ActiveCfg = Debug|Any CPU
		{97234368-73EC-45F5-9575-B805FFD49CE5}.Debug|Any CPU.Build.0 = Debug|Any CPU
		{97234368-73EC-45F5-9575-B805FFD49CE5}.Release|Any CPU.ActiveCfg = Release|Any CPU
		{97234368-73EC-45F5-9575-B805FFD49CE5}.Release|Any CPU.Build.0 = Release|Any CPU
	EndGlobalSection
	GlobalSection(SolutionProperties) = preSolution
		HideSolutionNode = FALSE
	EndGlobalSection
	GlobalSection(ExtensibilityGlobals) = postSolution
		SolutionGuid = {8CE251BF-0220-4611-8DB3-CFD464658CED}
	EndGlobalSection
EndGlobal
