
Microsoft Visual Studio Solution File, Format Version 12.00
# Visual Studio Version 17
VisualStudioVersion = 17.4.33213.308
MinimumVisualStudioVersion = 10.0.40219.1
Project("{FAE04EC0-301F-11D3-BF4B-00C04F79EFBC}") = "ModificadoresAcesso", "ModificadoresAcesso\ModificadoresAcesso.csproj", "{10600F82-6E17-4517-AF3B-F0DC4D7DE632}"
EndProject
Global
	GlobalSection(SolutionConfigurationPlatforms) = preSolution
		Debug|Any CPU = Debug|Any CPU
		Release|Any CPU = Release|Any CPU
	EndGlobalSection
	GlobalSection(ProjectConfigurationPlatforms) = postSolution
		{10600F82-6E17-4517-AF3B-F0DC4D7DE632}.Debug|Any CPU.ActiveCfg = Debug|Any CPU
		{10600F82-6E17-4517-AF3B-F0DC4D7DE632}.Debug|Any CPU.Build.0 = Debug|Any CPU
		{10600F82-6E17-4517-AF3B-F0DC4D7DE632}.Release|Any CPU.ActiveCfg = Release|Any CPU
		{10600F82-6E17-4517-AF3B-F0DC4D7DE632}.Release|Any CPU.Build.0 = Release|Any CPU
	EndGlobalSection
	GlobalSection(SolutionProperties) = preSolution
		HideSolutionNode = FALSE
	EndGlobalSection
	GlobalSection(ExtensibilityGlobals) = postSolution
		SolutionGuid = {A1352323-DA2A-49EF-B811-1E927C8FB27D}
	EndGlobalSection
EndGlobal
